
Microsoft Visual Studio Solution File, Format Version 12.00
# Visual Studio Version 17
VisualStudioVersion = 17.0.31912.275
MinimumVisualStudioVersion = 10.0.40219.1
Project("{2150E333-8FDC-42A3-9474-1A3956D46DE8}") = "Services", "Services", "{6A67C71F-D7E9-418C-9261-2E0CACB98A76}"
EndProject
Project("{2150E333-8FDC-42A3-9474-1A3956D46DE8}") = "WebApps", "WebApps", "{C65B0AF6-50E5-4CC4-B87A-F620B88F0A8F}"
EndProject
Project("{2150E333-8FDC-42A3-9474-1A3956D46DE8}") = "Catalogo", "Catalogo", "{5E0CD496-4A6E-4A32-B112-26E0A02BA5E5}"
EndProject
Project("{2150E333-8FDC-42A3-9474-1A3956D46DE8}") = "Core", "Core", "{E0D67B21-665A-4999-9A9D-6C63BD62D2F3}"
EndProject
Project("{2150E333-8FDC-42A3-9474-1A3956D46DE8}") = "Vendas", "Vendas", "{341129F7-746A-4C09-90E6-4C76D812F463}"
EndProject
Project("{9A19103F-16F7-4668-BE54-9A1E7A4F7556}") = "GeekStore.Catalogo.Domain", "src\GeekStore.Catalogo.Domain\GeekStore.Catalogo.Domain.csproj", "{D18059DD-73FA-4CE2-987F-C2B25C8EB79A}"
EndProject
Project("{9A19103F-16F7-4668-BE54-9A1E7A4F7556}") = "GeekStore.Core", "src\GeekStore.Core\GeekStore.Core.csproj", "{4842D209-E779-4894-A653-59CF8B380872}"
EndProject
Project("{2150E333-8FDC-42A3-9474-1A3956D46DE8}") = "Tests", "Tests", "{04942D63-5E9E-484B-95F5-060538CAFEF4}"
EndProject
Project("{9A19103F-16F7-4668-BE54-9A1E7A4F7556}") = "GeekStore.Catalogo.Domain.Tests", "tests\GeekStore.Catalogo.Domain.Tests\GeekStore.Catalogo.Domain.Tests.csproj", "{575A415E-D46E-47DC-9E6E-EDC982CEE65F}"
EndProject
Project("{9A19103F-16F7-4668-BE54-9A1E7A4F7556}") = "GeekStore.Catalogo.Data", "src\GeekStore.Catalogo.Data\GeekStore.Catalogo.Data.csproj", "{16C6A75D-B8A2-412D-9497-BFA14C746889}"
EndProject
Project("{9A19103F-16F7-4668-BE54-9A1E7A4F7556}") = "GeekStore.Catalogo.Application", "src\GeekStore.Catalogo.Application\GeekStore.Catalogo.Application.csproj", "{15A0F20E-581B-48C4-B9C4-4583D049631F}"
EndProject
Project("{9A19103F-16F7-4668-BE54-9A1E7A4F7556}") = "GeekStore.WebApp.MVC", "src\GeekStore.WebApp.MVC\GeekStore.WebApp.MVC.csproj", "{32B574C1-43DA-40C0-81AE-F526AE3D7A95}"
EndProject
Project("{9A19103F-16F7-4668-BE54-9A1E7A4F7556}") = "GeekStore.Vendas.Domain", "src\GeekStore.Vendas.Domain\GeekStore.Vendas.Domain.csproj", "{0594274E-BC40-4FBE-8355-B6076A3E2057}"
EndProject
Project("{9A19103F-16F7-4668-BE54-9A1E7A4F7556}") = "GeekStore.Vendas.Application", "src\GeekStore.Vendas.Application\GeekStore.Vendas.Application.csproj", "{C6723DAB-EFDE-46C7-8ECD-8BD2BA5F78C6}"
EndProject
Project("{9A19103F-16F7-4668-BE54-9A1E7A4F7556}") = "GeekStore.Vendas.Data", "src\GeekStore.Vendas.Data\GeekStore.Vendas.Data.csproj", "{6286D336-6E7D-4A37-A69D-A8CB197884DF}"
EndProject
Project("{2150E333-8FDC-42A3-9474-1A3956D46DE8}") = "BuildingBlocks", "BuildingBlocks", "{5ABEC210-79FD-4153-9C5F-EE25BD6C4E35}"
EndProject
Project("{9A19103F-16F7-4668-BE54-9A1E7A4F7556}") = "EventSourcing", "src\EventSourcing\EventSourcing.csproj", "{7F016BAB-70D3-4D04-9D4E-6D3720F09298}"
EndProject
Global
	GlobalSection(SolutionConfigurationPlatforms) = preSolution
		Debug|Any CPU = Debug|Any CPU
		Release|Any CPU = Release|Any CPU
	EndGlobalSection
	GlobalSection(ProjectConfigurationPlatforms) = postSolution
		{D18059DD-73FA-4CE2-987F-C2B25C8EB79A}.Debug|Any CPU.ActiveCfg = Debug|Any CPU
		{D18059DD-73FA-4CE2-987F-C2B25C8EB79A}.Debug|Any CPU.Build.0 = Debug|Any CPU
		{D18059DD-73FA-4CE2-987F-C2B25C8EB79A}.Release|Any CPU.ActiveCfg = Release|Any CPU
		{D18059DD-73FA-4CE2-987F-C2B25C8EB79A}.Release|Any CPU.Build.0 = Release|Any CPU
		{4842D209-E779-4894-A653-59CF8B380872}.Debug|Any CPU.ActiveCfg = Debug|Any CPU
		{4842D209-E779-4894-A653-59CF8B380872}.Debug|Any CPU.Build.0 = Debug|Any CPU
		{4842D209-E779-4894-A653-59CF8B380872}.Release|Any CPU.ActiveCfg = Release|Any CPU
		{4842D209-E779-4894-A653-59CF8B380872}.Release|Any CPU.Build.0 = Release|Any CPU
		{575A415E-D46E-47DC-9E6E-EDC982CEE65F}.Debug|Any CPU.ActiveCfg = Debug|Any CPU
		{575A415E-D46E-47DC-9E6E-EDC982CEE65F}.Debug|Any CPU.Build.0 = Debug|Any CPU
		{575A415E-D46E-47DC-9E6E-EDC982CEE65F}.Release|Any CPU.ActiveCfg = Release|Any CPU
		{575A415E-D46E-47DC-9E6E-EDC982CEE65F}.Release|Any CPU.Build.0 = Release|Any CPU
		{16C6A75D-B8A2-412D-9497-BFA14C746889}.Debug|Any CPU.ActiveCfg = Debug|Any CPU
		{16C6A75D-B8A2-412D-9497-BFA14C746889}.Debug|Any CPU.Build.0 = Debug|Any CPU
		{16C6A75D-B8A2-412D-9497-BFA14C746889}.Release|Any CPU.ActiveCfg = Release|Any CPU
		{16C6A75D-B8A2-412D-9497-BFA14C746889}.Release|Any CPU.Build.0 = Release|Any CPU
		{15A0F20E-581B-48C4-B9C4-4583D049631F}.Debug|Any CPU.ActiveCfg = Debug|Any CPU
		{15A0F20E-581B-48C4-B9C4-4583D049631F}.Debug|Any CPU.Build.0 = Debug|Any CPU
		{15A0F20E-581B-48C4-B9C4-4583D049631F}.Release|Any CPU.ActiveCfg = Release|Any CPU
		{15A0F20E-581B-48C4-B9C4-4583D049631F}.Release|Any CPU.Build.0 = Release|Any CPU
		{32B574C1-43DA-40C0-81AE-F526AE3D7A95}.Debug|Any CPU.ActiveCfg = Debug|Any CPU
		{32B574C1-43DA-40C0-81AE-F526AE3D7A95}.Debug|Any CPU.Build.0 = Debug|Any CPU
		{32B574C1-43DA-40C0-81AE-F526AE3D7A95}.Release|Any CPU.ActiveCfg = Release|Any CPU
		{32B574C1-43DA-40C0-81AE-F526AE3D7A95}.Release|Any CPU.Build.0 = Release|Any CPU
		{0594274E-BC40-4FBE-8355-B6076A3E2057}.Debug|Any CPU.ActiveCfg = Debug|Any CPU
		{0594274E-BC40-4FBE-8355-B6076A3E2057}.Debug|Any CPU.Build.0 = Debug|Any CPU
		{0594274E-BC40-4FBE-8355-B6076A3E2057}.Release|Any CPU.ActiveCfg = Release|Any CPU
		{0594274E-BC40-4FBE-8355-B6076A3E2057}.Release|Any CPU.Build.0 = Release|Any CPU
		{C6723DAB-EFDE-46C7-8ECD-8BD2BA5F78C6}.Debug|Any CPU.ActiveCfg = Debug|Any CPU
		{C6723DAB-EFDE-46C7-8ECD-8BD2BA5F78C6}.Debug|Any CPU.Build.0 = Debug|Any CPU
		{C6723DAB-EFDE-46C7-8ECD-8BD2BA5F78C6}.Release|Any CPU.ActiveCfg = Release|Any CPU
		{C6723DAB-EFDE-46C7-8ECD-8BD2BA5F78C6}.Release|Any CPU.Build.0 = Release|Any CPU
		{6286D336-6E7D-4A37-A69D-A8CB197884DF}.Debug|Any CPU.ActiveCfg = Debug|Any CPU
		{6286D336-6E7D-4A37-A69D-A8CB197884DF}.Debug|Any CPU.Build.0 = Debug|Any CPU
		{6286D336-6E7D-4A37-A69D-A8CB197884DF}.Release|Any CPU.ActiveCfg = Release|Any CPU
		{6286D336-6E7D-4A37-A69D-A8CB197884DF}.Release|Any CPU.Build.0 = Release|Any CPU
		{7F016BAB-70D3-4D04-9D4E-6D3720F09298}.Debug|Any CPU.ActiveCfg = Debug|Any CPU
		{7F016BAB-70D3-4D04-9D4E-6D3720F09298}.Debug|Any CPU.Build.0 = Debug|Any CPU
		{7F016BAB-70D3-4D04-9D4E-6D3720F09298}.Release|Any CPU.ActiveCfg = Release|Any CPU
		{7F016BAB-70D3-4D04-9D4E-6D3720F09298}.Release|Any CPU.Build.0 = Release|Any CPU
	EndGlobalSection
	GlobalSection(SolutionProperties) = preSolution
		HideSolutionNode = FALSE
	EndGlobalSection
	GlobalSection(NestedProjects) = preSolution
		{5E0CD496-4A6E-4A32-B112-26E0A02BA5E5} = {6A67C71F-D7E9-418C-9261-2E0CACB98A76}
		{E0D67B21-665A-4999-9A9D-6C63BD62D2F3} = {6A67C71F-D7E9-418C-9261-2E0CACB98A76}
		{341129F7-746A-4C09-90E6-4C76D812F463} = {6A67C71F-D7E9-418C-9261-2E0CACB98A76}
		{D18059DD-73FA-4CE2-987F-C2B25C8EB79A} = {5E0CD496-4A6E-4A32-B112-26E0A02BA5E5}
		{4842D209-E779-4894-A653-59CF8B380872} = {E0D67B21-665A-4999-9A9D-6C63BD62D2F3}
		{04942D63-5E9E-484B-95F5-060538CAFEF4} = {5E0CD496-4A6E-4A32-B112-26E0A02BA5E5}
		{575A415E-D46E-47DC-9E6E-EDC982CEE65F} = {04942D63-5E9E-484B-95F5-060538CAFEF4}
		{16C6A75D-B8A2-412D-9497-BFA14C746889} = {5E0CD496-4A6E-4A32-B112-26E0A02BA5E5}
		{15A0F20E-581B-48C4-B9C4-4583D049631F} = {5E0CD496-4A6E-4A32-B112-26E0A02BA5E5}
		{32B574C1-43DA-40C0-81AE-F526AE3D7A95} = {C65B0AF6-50E5-4CC4-B87A-F620B88F0A8F}
		{0594274E-BC40-4FBE-8355-B6076A3E2057} = {341129F7-746A-4C09-90E6-4C76D812F463}
		{C6723DAB-EFDE-46C7-8ECD-8BD2BA5F78C6} = {341129F7-746A-4C09-90E6-4C76D812F463}
		{6286D336-6E7D-4A37-A69D-A8CB197884DF} = {341129F7-746A-4C09-90E6-4C76D812F463}
		{7F016BAB-70D3-4D04-9D4E-6D3720F09298} = {5ABEC210-79FD-4153-9C5F-EE25BD6C4E35}
	EndGlobalSection
	GlobalSection(ExtensibilityGlobals) = postSolution
		SolutionGuid = {65D72384-F17B-4AFF-9FF1-9267E7BD3F9D}
	EndGlobalSection
EndGlobal
